
Microsoft Visual Studio Solution File, Format Version 12.00
# Visual Studio Version 16
VisualStudioVersion = 16.0.32228.343
MinimumVisualStudioVersion = 10.0.40219.1
Project("{FAE04EC0-301F-11D3-BF4B-00C04F79EFBC}") = "EasyParking.Android", "EasyParking\EasyParking.Android\EasyParking.Android.csproj", "{B5FE2B4B-495E-47B7-833B-66D829D02B72}"
EndProject
Project("{FAE04EC0-301F-11D3-BF4B-00C04F79EFBC}") = "EasyParking", "EasyParking\EasyParking\EasyParking.csproj", "{DC336C8B-1D25-456E-A033-F589291DE11E}"
EndProject
Global
	GlobalSection(SolutionConfigurationPlatforms) = preSolution
		Debug|Any CPU = Debug|Any CPU
		Release|Any CPU = Release|Any CPU
	EndGlobalSection
	GlobalSection(ProjectConfigurationPlatforms) = postSolution
		{B5FE2B4B-495E-47B7-833B-66D829D02B72}.Debug|Any CPU.ActiveCfg = Debug|Any CPU
		{B5FE2B4B-495E-47B7-833B-66D829D02B72}.Debug|Any CPU.Build.0 = Debug|Any CPU
		{B5FE2B4B-495E-47B7-833B-66D829D02B72}.Debug|Any CPU.Deploy.0 = Debug|Any CPU
		{B5FE2B4B-495E-47B7-833B-66D829D02B72}.Release|Any CPU.ActiveCfg = Release|Any CPU
		{B5FE2B4B-495E-47B7-833B-66D829D02B72}.Release|Any CPU.Build.0 = Release|Any CPU
		{B5FE2B4B-495E-47B7-833B-66D829D02B72}.Release|Any CPU.Deploy.0 = Release|Any CPU
		{DC336C8B-1D25-456E-A033-F589291DE11E}.Debug|Any CPU.ActiveCfg = Debug|Any CPU
		{DC336C8B-1D25-456E-A033-F589291DE11E}.Debug|Any CPU.Build.0 = Debug|Any CPU
		{DC336C8B-1D25-456E-A033-F589291DE11E}.Debug|Any CPU.Deploy.0 = Debug|Any CPU
		{DC336C8B-1D25-456E-A033-F589291DE11E}.Release|Any CPU.ActiveCfg = Release|Any CPU
		{DC336C8B-1D25-456E-A033-F589291DE11E}.Release|Any CPU.Build.0 = Release|Any CPU
		{DC336C8B-1D25-456E-A033-F589291DE11E}.Release|Any CPU.Deploy.0 = Release|Any CPU
	EndGlobalSection
	GlobalSection(SolutionProperties) = preSolution
		HideSolutionNode = FALSE
	EndGlobalSection
	GlobalSection(ExtensibilityGlobals) = postSolution
		SolutionGuid = {462FC290-8E5F-493C-9DE4-E6568AA8A079}
	EndGlobalSection
EndGlobal
